
Microsoft Visual Studio Solution File, Format Version 12.00
# Visual Studio Version 17
VisualStudioVersion = 17.10.35004.147
MinimumVisualStudioVersion = 10.0.40219.1
Project("{FAE04EC0-301F-11D3-BF4B-00C04F79EFBC}") = "UrlShortener", "UrlShortener\UrlShortener.csproj", "{2DED09A6-5748-4D3F-9BE7-321829C35099}"
EndProject
Global
	GlobalSection(SolutionConfigurationPlatforms) = preSolution
		Debug|Any CPU = Debug|Any CPU
		Release|Any CPU = Release|Any CPU
	EndGlobalSection
	GlobalSection(ProjectConfigurationPlatforms) = postSolution
		{2DED09A6-5748-4D3F-9BE7-321829C35099}.Debug|Any CPU.ActiveCfg = Debug|Any CPU
		{2DED09A6-5748-4D3F-9BE7-321829C35099}.Debug|Any CPU.Build.0 = Debug|Any CPU
		{2DED09A6-5748-4D3F-9BE7-321829C35099}.Release|Any CPU.ActiveCfg = Release|Any CPU
		{2DED09A6-5748-4D3F-9BE7-321829C35099}.Release|Any CPU.Build.0 = Release|Any CPU
	EndGlobalSection
	GlobalSection(SolutionProperties) = preSolution
		HideSolutionNode = FALSE
	EndGlobalSection
	GlobalSection(ExtensibilityGlobals) = postSolution
		SolutionGuid = {12BF55E0-7B97-4B04-A54A-F467743D7FDD}
	EndGlobalSection
EndGlobal
